Microsoft Visual Studio Solution File, Format Version 12.00
# Visual Studio 15
VisualStudioVersion = 15.0.27004.2010
MinimumVisualStudioVersion = 15.0.26124.0
Project("{2150E333-8FDC-42A3-9474-1A3956D46DE8}") = "src", "src", "{42B86946-F09B-4EB7-9E46-BD38E5B7BB3E}"
EndProject
Project("{9A19103F-16F7-4668-BE54-9A1E7A4F7556}") = "Infinispan.HotRod", "src\Infinispan.HotRod\Infinispan.HotRod.csproj", "{C72BD769-CFC0-44E6-8DF2-F365C151C8C0}"
EndProject
Project("{2150E333-8FDC-42A3-9474-1A3956D46DE8}") = "test", "test", "{27A7500C-D6DD-4817-88D5-AE2D541C81CB}"
EndProject
Project("{9A19103F-16F7-4668-BE54-9A1E7A4F7556}") = "Infinispan.HotRod.Tests", "test\Infinispan.HotRod.Tests\Infinispan.HotRod.Tests.csproj", "{CFD6AB7A-2A8B-4E79-AE41-9431B1522FE2}"
EndProject
Project("{2150E333-8FDC-42A3-9474-1A3956D46DE8}") = "samples", "samples", "{B0380D69-3DA8-4BB7-A83B-EE30B14CDC12}"
EndProject
Project("{9A19103F-16F7-4668-BE54-9A1E7A4F7556}") = "Infinispan.HotRod.SimpleSample", "samples\Infinispan.HotRod.SimpleSample\Infinispan.HotRod.SimpleSample.csproj", "{34AFDE34-551E-4676-990A-2E91BE9AE0CA}"
EndProject
Project("{9A19103F-16F7-4668-BE54-9A1E7A4F7556}") = "Infinispan.HotRod.DependencyInjection", "src\Infinispan.HotRod.DependencyInjection\Infinispan.HotRod.DependencyInjection.csproj", "{2615D12A-FE89-4E0B-992C-6FFB49962C7E}"
EndProject
Project("{6EC3EE1D-3C4E-46DD-8F32-0CC8E7565705}") = "Infinispan.HotRod.Buildtools", "buildtools\Infinispan.HotRod.Buildtools.fsproj", "{FA0CA78F-2D41-4D65-8806-F833B816F98D}"
EndProject
Project("{2150E333-8FDC-42A3-9474-1A3956D46DE8}") = "buildtools", "buildtools", "{B931DB22-41DF-44E5-8B1C-31B0A2CE3F2B}"
	ProjectSection(SolutionItems) = preProject
		.gitattributes = .gitattributes
		.gitignore = .gitignore
		appveyor.yml = appveyor.yml
		build.ps1 = build.ps1
		build.sh = build.sh
		global.json = global.json
		License.rtf = License.rtf
		License.txt = License.txt
		README.md = README.md
		todo.md = todo.md
	EndProjectSection
EndProject
Project("{8BC9CEB8-8B4A-11D0-8D11-00A0C91BC942}") = "hotrod_wrap", "swig\hotrod_wrap.vcxproj", "{E6DF2B54-FBBC-394B-BDA2-7AFF50E06C51}"
EndProject
Project("{2150E333-8FDC-42A3-9474-1A3956D46DE8}") = "protos", "protos", "{E0410188-AEBD-43F5-9FE0-D4B121F77615}"
	ProjectSection(SolutionItems) = preProject
		protos\base_types.proto = protos\base_types.proto
		protos\message-wrapping.proto = protos\message-wrapping.proto
		protos\query.proto = protos\query.proto
	EndProjectSection
EndProject
Global
	GlobalSection(SolutionConfigurationPlatforms) = preSolution
		Debug|Any CPU = Debug|Any CPU
		Debug|x64 = Debug|x64
		Debug|x86 = Debug|x86
		MinSizeRel|Any CPU = MinSizeRel|Any CPU
		MinSizeRel|x64 = MinSizeRel|x64
		MinSizeRel|x86 = MinSizeRel|x86
		Release|Any CPU = Release|Any CPU
		Release|x64 = Release|x64
		Release|x86 = Release|x86
		RelWithDebInfo|Any CPU = RelWithDebInfo|Any CPU
		RelWithDebInfo|x64 = RelWithDebInfo|x64
		RelWithDebInfo|x86 = RelWithDebInfo|x86
	EndGlobalSection
	GlobalSection(ProjectConfigurationPlatforms) = postSolution
		{C72BD769-CFC0-44E6-8DF2-F365C151C8C0}.Debug|Any CPU.ActiveCfg = Debug|Any CPU
		{C72BD769-CFC0-44E6-8DF2-F365C151C8C0}.Debug|Any CPU.Build.0 = Debug|Any CPU
		{C72BD769-CFC0-44E6-8DF2-F365C151C8C0}.Debug|x64.ActiveCfg = Debug|Any CPU
		{C72BD769-CFC0-44E6-8DF2-F365C151C8C0}.Debug|x64.Build.0 = Debug|Any CPU
		{C72BD769-CFC0-44E6-8DF2-F365C151C8C0}.Debug|x86.ActiveCfg = Debug|Any CPU
		{C72BD769-CFC0-44E6-8DF2-F365C151C8C0}.Debug|x86.Build.0 = Debug|Any CPU
		{C72BD769-CFC0-44E6-8DF2-F365C151C8C0}.MinSizeRel|Any CPU.ActiveCfg = Release|Any CPU
		{C72BD769-CFC0-44E6-8DF2-F365C151C8C0}.MinSizeRel|Any CPU.Build.0 = Release|Any CPU
		{C72BD769-CFC0-44E6-8DF2-F365C151C8C0}.MinSizeRel|x64.ActiveCfg = Release|Any CPU
		{C72BD769-CFC0-44E6-8DF2-F365C151C8C0}.MinSizeRel|x64.Build.0 = Release|Any CPU
		{C72BD769-CFC0-44E6-8DF2-F365C151C8C0}.MinSizeRel|x86.ActiveCfg = Release|Any CPU
		{C72BD769-CFC0-44E6-8DF2-F365C151C8C0}.MinSizeRel|x86.Build.0 = Release|Any CPU
		{C72BD769-CFC0-44E6-8DF2-F365C151C8C0}.Release|Any CPU.ActiveCfg = Release|Any CPU
		{C72BD769-CFC0-44E6-8DF2-F365C151C8C0}.Release|Any CPU.Build.0 = Release|Any CPU
		{C72BD769-CFC0-44E6-8DF2-F365C151C8C0}.Release|x64.ActiveCfg = Release|Any CPU
		{C72BD769-CFC0-44E6-8DF2-F365C151C8C0}.Release|x64.Build.0 = Release|Any CPU
		{C72BD769-CFC0-44E6-8DF2-F365C151C8C0}.Release|x86.ActiveCfg = Release|Any CPU
		{C72BD769-CFC0-44E6-8DF2-F365C151C8C0}.Release|x86.Build.0 = Release|Any CPU
		{C72BD769-CFC0-44E6-8DF2-F365C151C8C0}.RelWithDebInfo|Any CPU.ActiveCfg = Release|Any CPU
		{C72BD769-CFC0-44E6-8DF2-F365C151C8C0}.RelWithDebInfo|Any CPU.Build.0 = Release|Any CPU
		{C72BD769-CFC0-44E6-8DF2-F365C151C8C0}.RelWithDebInfo|x64.ActiveCfg = Release|Any CPU
		{C72BD769-CFC0-44E6-8DF2-F365C151C8C0}.RelWithDebInfo|x64.Build.0 = Release|Any CPU
		{C72BD769-CFC0-44E6-8DF2-F365C151C8C0}.RelWithDebInfo|x86.ActiveCfg = Release|Any CPU
		{C72BD769-CFC0-44E6-8DF2-F365C151C8C0}.RelWithDebInfo|x86.Build.0 = Release|Any CPU
		{CFD6AB7A-2A8B-4E79-AE41-9431B1522FE2}.Debug|Any CPU.ActiveCfg = Debug|Any CPU
		{CFD6AB7A-2A8B-4E79-AE41-9431B1522FE2}.Debug|Any CPU.Build.0 = Debug|Any CPU
		{CFD6AB7A-2A8B-4E79-AE41-9431B1522FE2}.Debug|x64.ActiveCfg = Debug|Any CPU
		{CFD6AB7A-2A8B-4E79-AE41-9431B1522FE2}.Debug|x64.Build.0 = Debug|Any CPU
		{CFD6AB7A-2A8B-4E79-AE41-9431B1522FE2}.Debug|x86.ActiveCfg = Debug|Any CPU
		{CFD6AB7A-2A8B-4E79-AE41-9431B1522FE2}.Debug|x86.Build.0 = Debug|Any CPU
		{CFD6AB7A-2A8B-4E79-AE41-9431B1522FE2}.MinSizeRel|Any CPU.ActiveCfg = Release|Any CPU
		{CFD6AB7A-2A8B-4E79-AE41-9431B1522FE2}.MinSizeRel|Any CPU.Build.0 = Release|Any CPU
		{CFD6AB7A-2A8B-4E79-AE41-9431B1522FE2}.MinSizeRel|x64.ActiveCfg = Release|Any CPU
		{CFD6AB7A-2A8B-4E79-AE41-9431B1522FE2}.MinSizeRel|x64.Build.0 = Release|Any CPU
		{CFD6AB7A-2A8B-4E79-AE41-9431B1522FE2}.MinSizeRel|x86.ActiveCfg = Release|Any CPU
		{CFD6AB7A-2A8B-4E79-AE41-9431B1522FE2}.MinSizeRel|x86.Build.0 = Release|Any CPU
		{CFD6AB7A-2A8B-4E79-AE41-9431B1522FE2}.Release|Any CPU.ActiveCfg = Release|Any CPU
		{CFD6AB7A-2A8B-4E79-AE41-9431B1522FE2}.Release|Any CPU.Build.0 = Release|Any CPU
		{CFD6AB7A-2A8B-4E79-AE41-9431B1522FE2}.Release|x64.ActiveCfg = Release|Any CPU
		{CFD6AB7A-2A8B-4E79-AE41-9431B1522FE2}.Release|x64.Build.0 = Release|Any CPU
		{CFD6AB7A-2A8B-4E79-AE41-9431B1522FE2}.Release|x86.ActiveCfg = Release|Any CPU
		{CFD6AB7A-2A8B-4E79-AE41-9431B1522FE2}.Release|x86.Build.0 = Release|Any CPU
		{CFD6AB7A-2A8B-4E79-AE41-9431B1522FE2}.RelWithDebInfo|Any CPU.ActiveCfg = Release|Any CPU
		{CFD6AB7A-2A8B-4E79-AE41-9431B1522FE2}.RelWithDebInfo|Any CPU.Build.0 = Release|Any CPU
		{CFD6AB7A-2A8B-4E79-AE41-9431B1522FE2}.RelWithDebInfo|x64.ActiveCfg = Release|Any CPU
		{CFD6AB7A-2A8B-4E79-AE41-9431B1522FE2}.RelWithDebInfo|x64.Build.0 = Release|Any CPU
		{CFD6AB7A-2A8B-4E79-AE41-9431B1522FE2}.RelWithDebInfo|x86.ActiveCfg = Release|Any CPU
		{CFD6AB7A-2A8B-4E79-AE41-9431B1522FE2}.RelWithDebInfo|x86.Build.0 = Release|Any CPU
		{34AFDE34-551E-4676-990A-2E91BE9AE0CA}.Debug|Any CPU.ActiveCfg = Debug|Any CPU
		{34AFDE34-551E-4676-990A-2E91BE9AE0CA}.Debug|Any CPU.Build.0 = Debug|Any CPU
		{34AFDE34-551E-4676-990A-2E91BE9AE0CA}.Debug|x64.ActiveCfg = Debug|Any CPU
		{34AFDE34-551E-4676-990A-2E91BE9AE0CA}.Debug|x64.Build.0 = Debug|Any CPU
		{34AFDE34-551E-4676-990A-2E91BE9AE0CA}.Debug|x86.ActiveCfg = Debug|Any CPU
		{34AFDE34-551E-4676-990A-2E91BE9AE0CA}.Debug|x86.Build.0 = Debug|Any CPU
		{34AFDE34-551E-4676-990A-2E91BE9AE0CA}.MinSizeRel|Any CPU.ActiveCfg = Release|Any CPU
		{34AFDE34-551E-4676-990A-2E91BE9AE0CA}.MinSizeRel|Any CPU.Build.0 = Release|Any CPU
		{34AFDE34-551E-4676-990A-2E91BE9AE0CA}.MinSizeRel|x64.ActiveCfg = Release|Any CPU
		{34AFDE34-551E-4676-990A-2E91BE9AE0CA}.MinSizeRel|x64.Build.0 = Release|Any CPU
		{34AFDE34-551E-4676-990A-2E91BE9AE0CA}.MinSizeRel|x86.ActiveCfg = Release|Any CPU
		{34AFDE34-551E-4676-990A-2E91BE9AE0CA}.MinSizeRel|x86.Build.0 = Release|Any CPU
		{34AFDE34-551E-4676-990A-2E91BE9AE0CA}.Release|Any CPU.ActiveCfg = Release|Any CPU
		{34AFDE34-551E-4676-990A-2E91BE9AE0CA}.Release|Any CPU.Build.0 = Release|Any CPU
		{34AFDE34-551E-4676-990A-2E91BE9AE0CA}.Release|x64.ActiveCfg = Release|Any CPU
		{34AFDE34-551E-4676-990A-2E91BE9AE0CA}.Release|x64.Build.0 = Release|Any CPU
		{34AFDE34-551E-4676-990A-2E91BE9AE0CA}.Release|x86.ActiveCfg = Release|Any CPU
		{34AFDE34-551E-4676-990A-2E91BE9AE0CA}.Release|x86.Build.0 = Release|Any CPU
		{34AFDE34-551E-4676-990A-2E91BE9AE0CA}.RelWithDebInfo|Any CPU.ActiveCfg = Release|Any CPU
		{34AFDE34-551E-4676-990A-2E91BE9AE0CA}.RelWithDebInfo|Any CPU.Build.0 = Release|Any CPU
		{34AFDE34-551E-4676-990A-2E91BE9AE0CA}.RelWithDebInfo|x64.ActiveCfg = Release|Any CPU
		{34AFDE34-551E-4676-990A-2E91BE9AE0CA}.RelWithDebInfo|x64.Build.0 = Release|Any CPU
		{34AFDE34-551E-4676-990A-2E91BE9AE0CA}.RelWithDebInfo|x86.ActiveCfg = Release|Any CPU
		{34AFDE34-551E-4676-990A-2E91BE9AE0CA}.RelWithDebInfo|x86.Build.0 = Release|Any CPU
		{2615D12A-FE89-4E0B-992C-6FFB49962C7E}.Debug|Any CPU.ActiveCfg = Debug|Any CPU
		{2615D12A-FE89-4E0B-992C-6FFB49962C7E}.Debug|Any CPU.Build.0 = Debug|Any CPU
		{2615D12A-FE89-4E0B-992C-6FFB49962C7E}.Debug|x64.ActiveCfg = Debug|Any CPU
		{2615D12A-FE89-4E0B-992C-6FFB49962C7E}.Debug|x64.Build.0 = Debug|Any CPU
		{2615D12A-FE89-4E0B-992C-6FFB49962C7E}.Debug|x86.ActiveCfg = Debug|Any CPU
		{2615D12A-FE89-4E0B-992C-6FFB49962C7E}.Debug|x86.Build.0 = Debug|Any CPU
		{2615D12A-FE89-4E0B-992C-6FFB49962C7E}.MinSizeRel|Any CPU.ActiveCfg = Release|Any CPU
		{2615D12A-FE89-4E0B-992C-6FFB49962C7E}.MinSizeRel|Any CPU.Build.0 = Release|Any CPU
		{2615D12A-FE89-4E0B-992C-6FFB49962C7E}.MinSizeRel|x64.ActiveCfg = Release|Any CPU
		{2615D12A-FE89-4E0B-992C-6FFB49962C7E}.MinSizeRel|x64.Build.0 = Release|Any CPU
		{2615D12A-FE89-4E0B-992C-6FFB49962C7E}.MinSizeRel|x86.ActiveCfg = Release|Any CPU
		{2615D12A-FE89-4E0B-992C-6FFB49962C7E}.MinSizeRel|x86.Build.0 = Release|Any CPU
		{2615D12A-FE89-4E0B-992C-6FFB49962C7E}.Release|Any CPU.ActiveCfg = Release|Any CPU
		{2615D12A-FE89-4E0B-992C-6FFB49962C7E}.Release|Any CPU.Build.0 = Release|Any CPU
		{2615D12A-FE89-4E0B-992C-6FFB49962C7E}.Release|x64.ActiveCfg = Release|Any CPU
		{2615D12A-FE89-4E0B-992C-6FFB49962C7E}.Release|x64.Build.0 = Release|Any CPU
		{2615D12A-FE89-4E0B-992C-6FFB49962C7E}.Release|x86.ActiveCfg = Release|Any CPU
		{2615D12A-FE89-4E0B-992C-6FFB49962C7E}.Release|x86.Build.0 = Release|Any CPU
		{2615D12A-FE89-4E0B-992C-6FFB49962C7E}.RelWithDebInfo|Any CPU.ActiveCfg = Release|Any CPU
		{2615D12A-FE89-4E0B-992C-6FFB49962C7E}.RelWithDebInfo|Any CPU.Build.0 = Release|Any CPU
		{2615D12A-FE89-4E0B-992C-6FFB49962C7E}.RelWithDebInfo|x64.ActiveCfg = Release|Any CPU
		{2615D12A-FE89-4E0B-992C-6FFB49962C7E}.RelWithDebInfo|x64.Build.0 = Release|Any CPU
		{2615D12A-FE89-4E0B-992C-6FFB49962C7E}.RelWithDebInfo|x86.ActiveCfg = Release|Any CPU
		{2615D12A-FE89-4E0B-992C-6FFB49962C7E}.RelWithDebInfo|x86.Build.0 = Release|Any CPU
		{FA0CA78F-2D41-4D65-8806-F833B816F98D}.Debug|Any CPU.ActiveCfg = Debug|Any CPU
		{FA0CA78F-2D41-4D65-8806-F833B816F98D}.Debug|Any CPU.Build.0 = Debug|Any CPU
		{FA0CA78F-2D41-4D65-8806-F833B816F98D}.Debug|x64.ActiveCfg = Debug|Any CPU
		{FA0CA78F-2D41-4D65-8806-F833B816F98D}.Debug|x64.Build.0 = Debug|Any CPU
		{FA0CA78F-2D41-4D65-8806-F833B816F98D}.Debug|x86.ActiveCfg = Debug|Any CPU
		{FA0CA78F-2D41-4D65-8806-F833B816F98D}.Debug|x86.Build.0 = Debug|Any CPU
		{FA0CA78F-2D41-4D65-8806-F833B816F98D}.MinSizeRel|Any CPU.ActiveCfg = Release|Any CPU
		{FA0CA78F-2D41-4D65-8806-F833B816F98D}.MinSizeRel|Any CPU.Build.0 = Release|Any CPU
		{FA0CA78F-2D41-4D65-8806-F833B816F98D}.MinSizeRel|x64.ActiveCfg = Release|Any CPU
		{FA0CA78F-2D41-4D65-8806-F833B816F98D}.MinSizeRel|x64.Build.0 = Release|Any CPU
		{FA0CA78F-2D41-4D65-8806-F833B816F98D}.MinSizeRel|x86.ActiveCfg = Release|Any CPU
		{FA0CA78F-2D41-4D65-8806-F833B816F98D}.MinSizeRel|x86.Build.0 = Release|Any CPU
		{FA0CA78F-2D41-4D65-8806-F833B816F98D}.Release|Any CPU.ActiveCfg = Release|Any CPU
		{FA0CA78F-2D41-4D65-8806-F833B816F98D}.Release|Any CPU.Build.0 = Release|Any CPU
		{FA0CA78F-2D41-4D65-8806-F833B816F98D}.Release|x64.ActiveCfg = Release|Any CPU
		{FA0CA78F-2D41-4D65-8806-F833B816F98D}.Release|x64.Build.0 = Release|Any CPU
		{FA0CA78F-2D41-4D65-8806-F833B816F98D}.Release|x86.ActiveCfg = Release|Any CPU
		{FA0CA78F-2D41-4D65-8806-F833B816F98D}.Release|x86.Build.0 = Release|Any CPU
		{FA0CA78F-2D41-4D65-8806-F833B816F98D}.RelWithDebInfo|Any CPU.ActiveCfg = Release|Any CPU
		{FA0CA78F-2D41-4D65-8806-F833B816F98D}.RelWithDebInfo|Any CPU.Build.0 = Release|Any CPU
		{FA0CA78F-2D41-4D65-8806-F833B816F98D}.RelWithDebInfo|x64.ActiveCfg = Release|Any CPU
		{FA0CA78F-2D41-4D65-8806-F833B816F98D}.RelWithDebInfo|x64.Build.0 = Release|Any CPU
		{FA0CA78F-2D41-4D65-8806-F833B816F98D}.RelWithDebInfo|x86.ActiveCfg = Release|Any CPU
		{FA0CA78F-2D41-4D65-8806-F833B816F98D}.RelWithDebInfo|x86.Build.0 = Release|Any CPU
		{E6DF2B54-FBBC-394B-BDA2-7AFF50E06C51}.Debug|Any CPU.ActiveCfg = Debug|x64
		{E6DF2B54-FBBC-394B-BDA2-7AFF50E06C51}.Debug|x64.ActiveCfg = Debug|x64
		{E6DF2B54-FBBC-394B-BDA2-7AFF50E06C51}.Debug|x64.Build.0 = Debug|x64
		{E6DF2B54-FBBC-394B-BDA2-7AFF50E06C51}.Debug|x86.ActiveCfg = Debug|x64
		{E6DF2B54-FBBC-394B-BDA2-7AFF50E06C51}.MinSizeRel|Any CPU.ActiveCfg = MinSizeRel|x64
		{E6DF2B54-FBBC-394B-BDA2-7AFF50E06C51}.MinSizeRel|x64.ActiveCfg = MinSizeRel|x64
		{E6DF2B54-FBBC-394B-BDA2-7AFF50E06C51}.MinSizeRel|x64.Build.0 = MinSizeRel|x64
		{E6DF2B54-FBBC-394B-BDA2-7AFF50E06C51}.MinSizeRel|x86.ActiveCfg = MinSizeRel|x64
		{E6DF2B54-FBBC-394B-BDA2-7AFF50E06C51}.Release|Any CPU.ActiveCfg = Release|x64
		{E6DF2B54-FBBC-394B-BDA2-7AFF50E06C51}.Release|x64.ActiveCfg = Release|x64
		{E6DF2B54-FBBC-394B-BDA2-7AFF50E06C51}.Release|x64.Build.0 = Release|x64
		{E6DF2B54-FBBC-394B-BDA2-7AFF50E06C51}.Release|x86.ActiveCfg = Release|x64
		{E6DF2B54-FBBC-394B-BDA2-7AFF50E06C51}.RelWithDebInfo|Any CPU.ActiveCfg = RelWithDebInfo|x64
		{E6DF2B54-FBBC-394B-BDA2-7AFF50E06C51}.RelWithDebInfo|x64.ActiveCfg = RelWithDebInfo|x64
		{E6DF2B54-FBBC-394B-BDA2-7AFF50E06C51}.RelWithDebInfo|x64.Build.0 = RelWithDebInfo|x64
		{E6DF2B54-FBBC-394B-BDA2-7AFF50E06C51}.RelWithDebInfo|x86.ActiveCfg = RelWithDebInfo|x64
	EndGlobalSection
	GlobalSection(SolutionProperties) = preSolution
		HideSolutionNode = FALSE
	EndGlobalSection
	GlobalSection(NestedProjects) = preSolution
		{C72BD769-CFC0-44E6-8DF2-F365C151C8C0} = {42B86946-F09B-4EB7-9E46-BD38E5B7BB3E}
		{CFD6AB7A-2A8B-4E79-AE41-9431B1522FE2} = {27A7500C-D6DD-4817-88D5-AE2D541C81CB}
		{34AFDE34-551E-4676-990A-2E91BE9AE0CA} = {B0380D69-3DA8-4BB7-A83B-EE30B14CDC12}
		{2615D12A-FE89-4E0B-992C-6FFB49962C7E} = {42B86946-F09B-4EB7-9E46-BD38E5B7BB3E}
		{FA0CA78F-2D41-4D65-8806-F833B816F98D} = {B931DB22-41DF-44E5-8B1C-31B0A2CE3F2B}
		{E6DF2B54-FBBC-394B-BDA2-7AFF50E06C51} = {42B86946-F09B-4EB7-9E46-BD38E5B7BB3E}
		{E0410188-AEBD-43F5-9FE0-D4B121F77615} = {B931DB22-41DF-44E5-8B1C-31B0A2CE3F2B}
	EndGlobalSection
	GlobalSection(ExtensibilityGlobals) = postSolution
		SolutionGuid = {8F09C9AD-8E26-4C51-8ECD-57D91A93B0C7}
	EndGlobalSection
EndGlobal
